// !$*UTF8*$!
{
	archiveVersion = 1;
	classes = {
	};
	objectVersion = 50;
	objects = {

/* Begin PBXBuildFile section */
		73B7806325B9FC240030DB5D /* RollingBannerMenuViewController.swift in Sources */ = {isa = PBXBuildFile; fileRef = 73B7806225B9FC240030DB5D /* RollingBannerMenuViewController.swift */; };
		A95B64B025B44C3300AD0044 /* BannerViewController.swift in Sources */ = {isa = PBXBuildFile; fileRef = A95B64AF25B44C3300AD0044 /* BannerViewController.swift */; };
		A99695F725B4410D00E84C00 /* AppDelegate.swift in Sources */ = {isa = PBXBuildFile; fileRef = A99695F625B4410D00E84C00 /* AppDelegate.swift */; };
		A99695F925B4410D00E84C00 /* ViewController.swift in Sources */ = {isa = PBXBuildFile; fileRef = A99695F825B4410D00E84C00 /* ViewController.swift */; };
		A99695FC25B4410D00E84C00 /* Main.storyboard in Resources */ = {isa = PBXBuildFile; fileRef = A99695FA25B4410D00E84C00 /* Main.storyboard */; };
		A99695FE25B4411100E84C00 /* Assets.xcassets in Resources */ = {isa = PBXBuildFile; fileRef = A99695FD25B4411100E84C00 /* Assets.xcassets */; };
		A996960125B4411100E84C00 /* LaunchScreen.storyboard in Resources */ = {isa = PBXBuildFile; fileRef = A99695FF25B4411100E84C00 /* LaunchScreen.storyboard */; };
		A996960C25B4411100E84C00 /* TestTests.swift in Sources */ = {isa = PBXBuildFile; fileRef = A996960B25B4411100E84C00 /* TestTests.swift */; };
		A996961725B4411200E84C00 /* TestUITests.swift in Sources */ = {isa = PBXBuildFile; fileRef = A996961625B4411200E84C00 /* TestUITests.swift */; };
/* End PBXBuildFile section */

/* Begin PBXContainerItemProxy section */
		A996960825B4411100E84C00 /* PBXContainerItemProxy */ = {
			isa = PBXContainerItemProxy;
			containerPortal = A99695EB25B4410C00E84C00 /* Project object */;
			proxyType = 1;
			remoteGlobalIDString = A99695F225B4410D00E84C00;
			remoteInfo = Test;
		};
		A996961325B4411100E84C00 /* PBXContainerItemProxy */ = {
			isa = PBXContainerItemProxy;
			containerPortal = A99695EB25B4410C00E84C00 /* Project object */;
			proxyType = 1;
			remoteGlobalIDString = A99695F225B4410D00E84C00;
			remoteInfo = Test;
		};
/* End PBXContainerItemProxy section */

/* Begin PBXFileReference section */
		73B7806225B9FC240030DB5D /* RollingBannerMenuViewController.swift */ = {isa = PBXFileReference; lastKnownFileType = sourcecode.swift; path = RollingBannerMenuViewController.swift; sourceTree = "<group>"; };
		A95B64AF25B44C3300AD0044 /* BannerViewController.swift */ = {isa = PBXFileReference; lastKnownFileType = sourcecode.swift; path = BannerViewController.swift; sourceTree = "<group>"; };
		A99695F325B4410D00E84C00 /* Test.app */ = {isa = PBXFileReference; explicitFileType = wrapper.application; includeInIndex = 0; path = Test.app; sourceTree = BUILT_PRODUCTS_DIR; };
		A99695F625B4410D00E84C00 /* AppDelegate.swift */ = {isa = PBXFileReference; lastKnownFileType = sourcecode.swift; path = AppDelegate.swift; sourceTree = "<group>"; };
		A99695F825B4410D00E84C00 /* ViewController.swift */ = {isa = PBXFileReference; lastKnownFileType = sourcecode.swift; path = ViewController.swift; sourceTree = "<group>"; };
		A99695FB25B4410D00E84C00 /* Base */ = {isa = PBXFileReference; lastKnownFileType = file.storyboard; name = Base; path = Base.lproj/Main.storyboard; sourceTree = "<group>"; };
		A99695FD25B4411100E84C00 /* Assets.xcassets */ = {isa = PBXFileReference; lastKnownFileType = folder.assetcatalog; path = Assets.xcassets; sourceTree = "<group>"; };
		A996960025B4411100E84C00 /* Base */ = {isa = PBXFileReference; lastKnownFileType = file.storyboard; name = Base; path = Base.lproj/LaunchScreen.storyboard; sourceTree = "<group>"; };
		A996960225B4411100E84C00 /* Info.plist */ = {isa = PBXFileReference; lastKnownFileType = text.plist.xml; path = Info.plist; sourceTree = "<group>"; };
		A996960725B4411100E84C00 /* TestTests.xctest */ = {isa = PBXFileReference; explicitFileType = wrapper.cfbundle; includeInIndex = 0; path = TestTests.xctest; sourceTree = BUILT_PRODUCTS_DIR; };
		A996960B25B4411100E84C00 /* TestTests.swift */ = {isa = PBXFileReference; lastKnownFileType = sourcecode.swift; path = TestTests.swift; sourceTree = "<group>"; };
		A996960D25B4411100E84C00 /* Info.plist */ = {isa = PBXFileReference; lastKnownFileType = text.plist.xml; path = Info.plist; sourceTree = "<group>"; };
		A996961225B4411100E84C00 /* TestUITests.xctest */ = {isa = PBXFileReference; explicitFileType = wrapper.cfbundle; includeInIndex = 0; path = TestUITests.xctest; sourceTree = BUILT_PRODUCTS_DIR; };
		A996961625B4411200E84C00 /* TestUITests.swift */ = {isa = PBXFileReference; lastKnownFileType = sourcecode.swift; path = TestUITests.swift; sourceTree = "<group>"; };
		A996961825B4411200E84C00 /* Info.plist */ = {isa = PBXFileReference; lastKnownFileType = text.plist.xml; path = Info.plist; sourceTree = "<group>"; };
/* End PBXFileReference section */

/* Begin PBXFrameworksBuildPhase section */
		A99695F025B4410D00E84C00 /* Frameworks */ = {
			isa = PBXFrameworksBuildPhase;
			buildActionMask = 2147483647;
			files = (
			);
			runOnlyForDeploymentPostprocessing = 0;
		};
		A996960425B4411100E84C00 /* Frameworks */ = {
			isa = PBXFrameworksBuildPhase;
			buildActionMask = 2147483647;
			files = (
			);
			runOnlyForDeploymentPostprocessing = 0;
		};
		A996960F25B4411100E84C00 /* Frameworks */ = {
			isa = PBXFrameworksBuildPhase;
			buildActionMask = 2147483647;
			files = (
			);
			runOnlyForDeploymentPostprocessing = 0;
		};
/* End PBXFrameworksBuildPhase section */

/* Begin PBXGroup section */
		A99695EA25B4410C00E84C00 = {
			isa = PBXGroup;
			children = (
				A99695F525B4410D00E84C00 /* Test */,
				A996960A25B4411100E84C00 /* TestTests */,
				A996961525B4411100E84C00 /* TestUITests */,
				A99695F425B4410D00E84C00 /* Products */,
			);
			sourceTree = "<group>";
		};
		A99695F425B4410D00E84C00 /* Products */ = {
			isa = PBXGroup;
			children = (
				A99695F325B4410D00E84C00 /* Test.app */,
				A996960725B4411100E84C00 /* TestTests.xctest */,
				A996961225B4411100E84C00 /* TestUITests.xctest */,
			);
			name = Products;
			sourceTree = "<group>";
		};
		A99695F525B4410D00E84C00 /* Test */ = {
			isa = PBXGroup;
			children = (
				A99695F625B4410D00E84C00 /* AppDelegate.swift */,
				A99695F825B4410D00E84C00 /* ViewController.swift */,
				73B7806225B9FC240030DB5D /* RollingBannerMenuViewController.swift */,
				A99695FA25B4410D00E84C00 /* Main.storyboard */,
				A99695FD25B4411100E84C00 /* Assets.xcassets */,
				A99695FF25B4411100E84C00 /* LaunchScreen.storyboard */,
				A996960225B4411100E84C00 /* Info.plist */,
				A95B64AF25B44C3300AD0044 /* BannerViewController.swift */,
			);
			path = Test;
			sourceTree = "<group>";
		};
		A996960A25B4411100E84C00 /* TestTests */ = {
			isa = PBXGroup;
			children = (
				A996960B25B4411100E84C00 /* TestTests.swift */,
				A996960D25B4411100E84C00 /* Info.plist */,
			);
			path = TestTests;
			sourceTree = "<group>";
		};
		A996961525B4411100E84C00 /* TestUITests */ = {
			isa = PBXGroup;
			children = (
				A996961625B4411200E84C00 /* TestUITests.swift */,
				A996961825B4411200E84C00 /* Info.plist */,
			);
			path = TestUITests;
			sourceTree = "<group>";
		};
/* End PBXGroup section */

/* Begin PBXNativeTarget section */
		A99695F225B4410D00E84C00 /* Test */ = {
			isa = PBXNativeTarget;
			buildConfigurationList = A996961B25B4411200E84C00 /* Build configuration list for PBXNativeTarget "Test" */;
			buildPhases = (
				A99695EF25B4410D00E84C00 /* Sources */,
				A99695F025B4410D00E84C00 /* Frameworks */,
				A99695F125B4410D00E84C00 /* Resources */,
			);
			buildRules = (
			);
			dependencies = (
			);
			name = Test;
			productName = Test;
			productReference = A99695F325B4410D00E84C00 /* Test.app */;
			productType = "com.apple.product-type.application";
		};
		A996960625B4411100E84C00 /* TestTests */ = {
			isa = PBXNativeTarget;
			buildConfigurationList = A996961E25B4411200E84C00 /* Build configuration list for PBXNativeTarget "TestTests" */;
			buildPhases = (
				A996960325B4411100E84C00 /* Sources */,
				A996960425B4411100E84C00 /* Frameworks */,
				A996960525B4411100E84C00 /* Resources */,
			);
			buildRules = (
			);
			dependencies = (
				A996960925B4411100E84C00 /* PBXTargetDependency */,
			);
			name = TestTests;
			productName = TestTests;
			productReference = A996960725B4411100E84C00 /* TestTests.xctest */;
			productType = "com.apple.product-type.bundle.unit-test";
		};
		A996961125B4411100E84C00 /* TestUITests */ = {
			isa = PBXNativeTarget;
			buildConfigurationList = A996962125B4411200E84C00 /* Build configuration list for PBXNativeTarget "TestUITests" */;
			buildPhases = (
				A996960E25B4411100E84C00 /* Sources */,
				A996960F25B4411100E84C00 /* Frameworks */,
				A996961025B4411100E84C00 /* Resources */,
			);
			buildRules = (
			);
			dependencies = (
				A996961425B4411100E84C00 /* PBXTargetDependency */,
			);
			name = TestUITests;
			productName = TestUITests;
			productReference = A996961225B4411100E84C00 /* TestUITests.xctest */;
			productType = "com.apple.product-type.bundle.ui-testing";
		};
/* End PBXNativeTarget section */

/* Begin PBXProject section */
		A99695EB25B4410C00E84C00 /* Project object */ = {
			isa = PBXProject;
			attributes = {
				LastSwiftUpdateCheck = 1010;
				LastUpgradeCheck = 1010;
				ORGANIZATIONNAME = "Gyeongtae Nam";
				TargetAttributes = {
					A99695F225B4410D00E84C00 = {
						CreatedOnToolsVersion = 10.1;
					};
					A996960625B4411100E84C00 = {
						CreatedOnToolsVersion = 10.1;
						TestTargetID = A99695F225B4410D00E84C00;
					};
					A996961125B4411100E84C00 = {
						CreatedOnToolsVersion = 10.1;
						TestTargetID = A99695F225B4410D00E84C00;
					};
				};
			};
			buildConfigurationList = A99695EE25B4410C00E84C00 /* Build configuration list for PBXProject "Test" */;
			compatibilityVersion = "Xcode 9.3";
			developmentRegion = en;
			hasScannedForEncodings = 0;
			knownRegions = (
				en,
				Base,
			);
			mainGroup = A99695EA25B4410C00E84C00;
			productRefGroup = A99695F425B4410D00E84C00 /* Products */;
			projectDirPath = "";
			projectRoot = "";
			targets = (
				A99695F225B4410D00E84C00 /* Test */,
				A996960625B4411100E84C00 /* TestTests */,
				A996961125B4411100E84C00 /* TestUITests */,
			);
		};
/* End PBXProject section */

/* Begin PBXResourcesBuildPhase section */
		A99695F125B4410D00E84C00 /* Resources */ = {
			isa = PBXResourcesBuildPhase;
			buildActionMask = 2147483647;
			files = (
				A996960125B4411100E84C00 /* LaunchScreen.storyboard in Resources */,
				A99695FE25B4411100E84C00 /* Assets.xcassets in Resources */,
				A99695FC25B4410D00E84C00 /* Main.storyboard in Resources */,
			);
			runOnlyForDeploymentPostprocessing = 0;
		};
		A996960525B4411100E84C00 /* Resources */ = {
			isa = PBXResourcesBuildPhase;
			buildActionMask = 2147483647;
			files = (
			);
			runOnlyForDeploymentPostprocessing = 0;
		};
		A996961025B4411100E84C00 /* Resources */ = {
			isa = PBXResourcesBuildPhase;
			buildActionMask = 2147483647;
			files = (
			);
			runOnlyForDeploymentPostprocessing = 0;
		};
/* End PBXResourcesBuildPhase section */

/* Begin PBXSourcesBuildPhase section */
		A99695EF25B4410D00E84C00 /* Sources */ = {
			isa = PBXSourcesBuildPhase;
			buildActionMask = 2147483647;
			files = (
				A95B64B025B44C3300AD0044 /* BannerViewController.swift in Sources */,
				73B7806325B9FC240030DB5D /* RollingBannerMenuViewController.swift in Sources */,
				A99695F925B4410D00E84C00 /* ViewController.swift in Sources */,
				A99695F725B4410D00E84C00 /* AppDelegate.swift in Sources */,
			);
			runOnlyForDeploymentPostprocessing = 0;
		};
		A996960325B4411100E84C00 /* Sources */ = {
			isa = PBXSourcesBuildPhase;
			buildActionMask = 2147483647;
			files = (
				A996960C25B4411100E84C00 /* TestTests.swift in Sources */,
			);
			runOnlyForDeploymentPostprocessing = 0;
		};
		A996960E25B4411100E84C00 /* Sources */ = {
			isa = PBXSourcesBuildPhase;
			buildActionMask = 2147483647;
			files = (
				A996961725B4411200E84C00 /* TestUITests.swift in Sources */,
			);
			runOnlyForDeploymentPostprocessing = 0;
		};
/* End PBXSourcesBuildPhase section */

/* Begin PBXTargetDependency section */
		A996960925B4411100E84C00 /* PBXTargetDependency */ = {
			isa = PBXTargetDependency;
			target = A99695F225B4410D00E84C00 /* Test */;
			targetProxy = A996960825B4411100E84C00 /* PBXContainerItemProxy */;
		};
		A996961425B4411100E84C00 /* PBXTargetDependency */ = {
			isa = PBXTargetDependency;
			target = A99695F225B4410D00E84C00 /* Test */;
			targetProxy = A996961325B4411100E84C00 /* PBXContainerItemProxy */;
		};
/* End PBXTargetDependency section */

/* Begin PBXVariantGroup section */
		A99695FA25B4410D00E84C00 /* Main.storyboard */ = {
			isa = PBXVariantGroup;
			children = (
				A99695FB25B4410D00E84C00 /* Base */,
			);
			name = Main.storyboard;
			sourceTree = "<group>";
		};
		A99695FF25B4411100E84C00 /* LaunchScreen.storyboard */ = {
			isa = PBXVariantGroup;
			children = (
				A996960025B4411100E84C00 /* Base */,
			);
			name = LaunchScreen.storyboard;
			sourceTree = "<group>";
		};
/* End PBXVariantGroup section */

/* Begin XCBuildConfiguration section */
		A996961925B4411200E84C00 /* Debug */ = {
			isa = XCBuildConfiguration;
			buildSettings = {
				ALWAYS_SEARCH_USER_PATHS = NO;
				CLANG_ANALYZER_NONNULL = YES;
				CLANG_ANALYZER_NUMBER_OBJECT_CONVERSION = YES_AGGRESSIVE;
				CLANG_CXX_LANGUAGE_STANDARD = "gnu++14";
				CLANG_CXX_LIBRARY = "libc++";
				CLANG_ENABLE_MODULES = YES;
				CLANG_ENABLE_OBJC_ARC = YES;
				CLANG_ENABLE_OBJC_WEAK = YES;
				CLANG_WARN_BLOCK_CAPTURE_AUTORELEASING = YES;
				CLANG_WARN_BOOL_CONVERSION = YES;
				CLANG_WARN_COMMA = YES;
				CLANG_WARN_CONSTANT_CONVERSION = YES;
				CLANG_WARN_DEPRECATED_OBJC_IMPLEMENTATIONS = YES;
				CLANG_WARN_DIRECT_OBJC_ISA_USAGE = YES_ERROR;
				CLANG_WARN_DOCUMENTATION_COMMENTS = YES;
				CLANG_WARN_EMPTY_BODY = YES;
				CLANG_WARN_ENUM_CONVERSION = YES;
				CLANG_WARN_INFINITE_RECURSION = YES;
				CLANG_WARN_INT_CONVERSION = YES;
				CLANG_WARN_NON_LITERAL_NULL_CONVERSION = YES;
				CLANG_WARN_OBJC_IMPLICIT_RETAIN_SELF = YES;
				CLANG_WARN_OBJC_LITERAL_CONVERSION = YES;
				CLANG_WARN_OBJC_ROOT_CLASS = YES_ERROR;
				CLANG_WARN_RANGE_LOOP_ANALYSIS = YES;
				CLANG_WARN_STRICT_PROTOTYPES = YES;
				CLANG_WARN_SUSPICIOUS_MOVE = YES;
				CLANG_WARN_UNGUARDED_AVAILABILITY = YES_AGGRESSIVE;
				CLANG_WARN_UNREACHABLE_CODE = YES;
				CLANG_WARN__DUPLICATE_METHOD_MATCH = YES;
				CODE_SIGN_IDENTITY = "iPhone Developer";
				COPY_PHASE_STRIP = NO;
				DEBUG_INFORMATION_FORMAT = dwarf;
				ENABLE_STRICT_OBJC_MSGSEND = YES;
				ENABLE_TESTABILITY = YES;
				GCC_C_LANGUAGE_STANDARD = gnu11;
				GCC_DYNAMIC_NO_PIC = NO;
				GCC_NO_COMMON_BLOCKS = YES;
				GCC_OPTIMIZATION_LEVEL = 0;
				GCC_PREPROCESSOR_DEFINITIONS = (
					"DEBUG=1",
					"$(inherited)",
				);
				GCC_WARN_64_TO_32_BIT_CONVERSION = YES;
				GCC_WARN_ABOUT_RETURN_TYPE = YES_ERROR;
				GCC_WARN_UNDECLARED_SELECTOR = YES;
				GCC_WARN_UNINITIALIZED_AUTOS = YES_AGGRESSIVE;
				GCC_WARN_UNUSED_FUNCTION = YES;
				GCC_WARN_UNUSED_VARIABLE = YES;
				IPHONEOS_DEPLOYMENT_TARGET = 12.1;
				MTL_ENABLE_DEBUG_INFO = INCLUDE_SOURCE;
				MTL_FAST_MATH = YES;
				ONLY_ACTIVE_ARCH = YES;
				SDKROOT = iphoneos;
				SWIFT_ACTIVE_COMPILATION_CONDITIONS = DEBUG;
				SWIFT_OPTIMIZATION_LEVEL = "-Onone";
			};
			name = Debug;
		};
		A996961A25B4411200E84C00 /* Release */ = {
			isa = XCBuildConfiguration;
			buildSettings = {
				ALWAYS_SEARCH_USER_PATHS = NO;
				CLANG_ANALYZER_NONNULL = YES;
				CLANG_ANALYZER_NUMBER_OBJECT_CONVERSION = YES_AGGRESSIVE;
				CLANG_CXX_LANGUAGE_STANDARD = "gnu++14";
				CLANG_CXX_LIBRARY = "libc++";
				CLANG_ENABLE_MODULES = YES;
				CLANG_ENABLE_OBJC_ARC = YES;
				CLANG_ENABLE_OBJC_WEAK = YES;
				CLANG_WARN_BLOCK_CAPTURE_AUTORELEASING = YES;
				CLANG_WARN_BOOL_CONVERSION = YES;
				CLANG_WARN_COMMA = YES;
				CLANG_WARN_CONSTANT_CONVERSION = YES;
				CLANG_WARN_DEPRECATED_OBJC_IMPLEMENTATIONS = YES;
				CLANG_WARN_DIRECT_OBJC_ISA_USAGE = YES_ERROR;
				CLANG_WARN_DOCUMENTATION_COMMENTS = YES;
				CLANG_WARN_EMPTY_BODY = YES;
				CLANG_WARN_ENUM_CONVERSION = YES;
				CLANG_WARN_INFINITE_RECURSION = YES;
				CLANG_WARN_INT_CONVERSION = YES;
				CLANG_WARN_NON_LITERAL_NULL_CONVERSION = YES;
				CLANG_WARN_OBJC_IMPLICIT_RETAIN_SELF = YES;
				CLANG_WARN_OBJC_LITERAL_CONVERSION = YES;
				CLANG_WARN_OBJC_ROOT_CLASS = YES_ERROR;
				CLANG_WARN_RANGE_LOOP_ANALYSIS = YES;
				CLANG_WARN_STRICT_PROTOTYPES = YES;
				CLANG_WARN_SUSPICIOUS_MOVE = YES;
				CLANG_WARN_UNGUARDED_AVAILABILITY = YES_AGGRESSIVE;
				CLANG_WARN_UNREACHABLE_CODE = YES;
				CLANG_WARN__DUPLICATE_METHOD_MATCH = YES;
				CODE_SIGN_IDENTITY = "iPhone Developer";
				COPY_PHASE_STRIP = NO;
				DEBUG_INFORMATION_FORMAT = "dwarf-with-dsym";
				ENABLE_NS_ASSERTIONS = NO;
				ENABLE_STRICT_OBJC_MSGSEND = YES;
				GCC_C_LANGUAGE_STANDARD = gnu11;
				GCC_NO_COMMON_BLOCKS = YES;
				GCC_WARN_64_TO_32_BIT_CONVERSION = YES;
				GCC_WARN_ABOUT_RETURN_TYPE = YES_ERROR;
				GCC_WARN_UNDECLARED_SELECTOR = YES;
				GCC_WARN_UNINITIALIZED_AUTOS = YES_AGGRESSIVE;
				GCC_WARN_UNUSED_FUNCTION = YES;
				GCC_WARN_UNUSED_VARIABLE = YES;
				IPHONEOS_DEPLOYMENT_TARGET = 12.1;
				MTL_ENABLE_DEBUG_INFO = NO;
				MTL_FAST_MATH = YES;
				SDKROOT = iphoneos;
				SWIFT_COMPILATION_MODE = wholemodule;
				SWIFT_OPTIMIZATION_LEVEL = "-O";
				VALIDATE_PRODUCT = YES;
			};
			name = Release;
		};
		A996961C25B4411200E84C00 /* Debug */ = {
			isa = XCBuildConfiguration;
			buildSettings = {
				ASSETCATALOG_COMPILER_APPICON_NAME = AppIcon;
				CODE_SIGN_IDENTITY = "Apple Development";
				CODE_SIGN_STYLE = Manual;
				DEVELOPMENT_TEAM = "";
				INFOPLIST_FILE = Test/Info.plist;
				LD_RUNPATH_SEARCH_PATHS = (
					"$(inherited)",
					"@executable_path/Frameworks",
				);
				PRODUCT_BUNDLE_IDENTIFIER = kr.company.Test;
				PRODUCT_NAME = "$(TARGET_NAME)";
				PROVISIONING_PROFILE_SPECIFIER = "";
				SWIFT_VERSION = 4.2;
				TARGETED_DEVICE_FAMILY = "1,2";
			};
			name = Debug;
		};
		A996961D25B4411200E84C00 /* Release */ = {
			isa = XCBuildConfiguration;
			buildSettings = {
				ASSETCATALOG_COMPILER_APPICON_NAME = AppIcon;
				CODE_SIGN_IDENTITY = "Apple Development";
				CODE_SIGN_STYLE = Manual;
				DEVELOPMENT_TEAM = "";
				INFOPLIST_FILE = Test/Info.plist;
				LD_RUNPATH_SEARCH_PATHS = (
					"$(inherited)",
					"@executable_path/Frameworks",
				);
				PRODUCT_BUNDLE_IDENTIFIER = kr.company.Test;
				PRODUCT_NAME = "$(TARGET_NAME)";
				PROVISIONING_PROFILE_SPECIFIER = "";
				SWIFT_VERSION = 4.2;
				TARGETED_DEVICE_FAMILY = "1,2";
			};
			name = Release;
		};
		A996961F25B4411200E84C00 /* Debug */ = {
			isa = XCBuildConfiguration;
			buildSettings = {
				ALWAYS_EMBED_SWIFT_STANDARD_LIBRARIES = YES;
				BUNDLE_LOADER = "$(TEST_HOST)";
				CODE_SIGN_STYLE = Automatic;
				INFOPLIST_FILE = TestTests/Info.plist;
				LD_RUNPATH_SEARCH_PATHS = (
					"$(inherited)",
					"@executable_path/Frameworks",
					"@loader_path/Frameworks",
				);
				PRODUCT_BUNDLE_IDENTIFIER = kr.company.TestTests;
				PRODUCT_NAME = "$(TARGET_NAME)";
				SWIFT_VERSION = 4.2;
				TARGETED_DEVICE_FAMILY = "1,2";
				TEST_HOST = "$(BUILT_PRODUCTS_DIR)/Test.app/Test";
			};
			name = Debug;
		};
		A996962025B4411200E84C00 /* Release */ = {
			isa = XCBuildConfiguration;
			buildSettings = {
				ALWAYS_EMBED_SWIFT_STANDARD_LIBRARIES = YES;
				BUNDLE_LOADER = "$(TEST_HOST)";
				CODE_SIGN_STYLE = Automatic;
				INFOPLIST_FILE = TestTests/Info.plist;
				LD_RUNPATH_SEARCH_PATHS = (
					"$(inherited)",
					"@executable_path/Frameworks",
					"@loader_path/Frameworks",
				);
				PRODUCT_BUNDLE_IDENTIFIER = kr.company.TestTests;
				PRODUCT_NAME = "$(TARGET_NAME)";
				SWIFT_VERSION = 4.2;
				TARGETED_DEVICE_FAMILY = "1,2";
				TEST_HOST = "$(BUILT_PRODUCTS_DIR)/Test.app/Test";
			};
			name = Release;
		};
		A996962225B4411200E84C00 /* Debug */ = {
			isa = XCBuildConfiguration;
			buildSettings = {
				ALWAYS_EMBED_SWIFT_STANDARD_LIBRARIES = YES;
				CODE_SIGN_STYLE = Automatic;
				INFOPLIST_FILE = TestUITests/Info.plist;
				LD_RUNPATH_SEARCH_PATHS = (
					"$(inherited)",
					"@executable_path/Frameworks",
					"@loader_path/Frameworks",
				);
				PRODUCT_BUNDLE_IDENTIFIER = kr.company.TestUITests;
				PRODUCT_NAME = "$(TARGET_NAME)";
				SWIFT_VERSION = 4.2;
				TARGETED_DEVICE_FAMILY = "1,2";
				TEST_TARGET_NAME = Test;
			};
			name = Debug;
		};
		A996962325B4411200E84C00 /* Release */ = {
			isa = XCBuildConfiguration;
			buildSettings = {
				ALWAYS_EMBED_SWIFT_STANDARD_LIBRARIES = YES;
				CODE_SIGN_STYLE = Automatic;
				INFOPLIST_FILE = TestUITests/Info.plist;
				LD_RUNPATH_SEARCH_PATHS = (
					"$(inherited)",
					"@executable_path/Frameworks",
					"@loader_path/Frameworks",
				);
				PRODUCT_BUNDLE_IDENTIFIER = kr.company.TestUITests;
				PRODUCT_NAME = "$(TARGET_NAME)";
				SWIFT_VERSION = 4.2;
				TARGETED_DEVICE_FAMILY = "1,2";
				TEST_TARGET_NAME = Test;
			};
			name = Release;
		};
/* End XCBuildConfiguration section */

/* Begin XCConfigurationList section */
		A99695EE25B4410C00E84C00 /* Build configuration list for PBXProject "Test" */ = {
			isa = XCConfigurationList;
			buildConfigurations = (
				A996961925B4411200E84C00 /* Debug */,
				A996961A25B4411200E84C00 /* Release */,
			);
			defaultConfigurationIsVisible = 0;
			defaultConfigurationName = Release;
		};
		A996961B25B4411200E84C00 /* Build configuration list for PBXNativeTarget "Test" */ = {
			isa = XCConfigurationList;
			buildConfigurations = (
				A996961C25B4411200E84C00 /* Debug */,
				A996961D25B4411200E84C00 /* Release */,
			);
			defaultConfigurationIsVisible = 0;
			defaultConfigurationName = Release;
		};
		A996961E25B4411200E84C00 /* Build configuration list for PBXNativeTarget "TestTests" */ = {
			isa = XCConfigurationList;
			buildConfigurations = (
				A996961F25B4411200E84C00 /* Debug */,
				A996962025B4411200E84C00 /* Release */,
			);
			defaultConfigurationIsVisible = 0;
			defaultConfigurationName = Release;
		};
		A996962125B4411200E84C00 /* Build configuration list for PBXNativeTarget "TestUITests" */ = {
			isa = XCConfigurationList;
			buildConfigurations = (
				A996962225B4411200E84C00 /* Debug */,
				A996962325B4411200E84C00 /* Release */,
			);
			defaultConfigurationIsVisible = 0;
			defaultConfigurationName = Release;
		};
/* End XCConfigurationList section */
	};
	rootObject = A99695EB25B4410C00E84C00 /* Project object */;
}
